
Microsoft Visual Studio Solution File, Format Version 12.00
# Visual Studio Version 16
VisualStudioVersion = 16.0.29519.87
MinimumVisualStudioVersion = 10.0.40219.1
Project("{FAE04EC0-301F-11D3-BF4B-00C04F79EFBC}") = "Creational", "Creational\Creational.csproj", "{8AED45F9-48A7-4EFB-BEF3-D859AD0FB78B}"
EndProject
Project("{FAE04EC0-301F-11D3-BF4B-00C04F79EFBC}") = "DesignPatternsUnitTests", "DesignPatternsUnitTests\DesignPatternsUnitTests.csproj", "{C44675F8-7701-4559-9F40-04A4E7815E63}"
EndProject
Global
	GlobalSection(SolutionConfigurationPlatforms) = preSolution
		Debug|Any CPU = Debug|Any CPU
		Release|Any CPU = Release|Any CPU
	EndGlobalSection
	GlobalSection(ProjectConfigurationPlatforms) = postSolution
		{8AED45F9-48A7-4EFB-BEF3-D859AD0FB78B}.Debug|Any CPU.ActiveCfg = Debug|Any CPU
		{8AED45F9-48A7-4EFB-BEF3-D859AD0FB78B}.Debug|Any CPU.Build.0 = Debug|Any CPU
		{8AED45F9-48A7-4EFB-BEF3-D859AD0FB78B}.Release|Any CPU.ActiveCfg = Release|Any CPU
		{8AED45F9-48A7-4EFB-BEF3-D859AD0FB78B}.Release|Any CPU.Build.0 = Release|Any CPU
		{C44675F8-7701-4559-9F40-04A4E7815E63}.Debug|Any CPU.ActiveCfg = Debug|Any CPU
		{C44675F8-7701-4559-9F40-04A4E7815E63}.Debug|Any CPU.Build.0 = Debug|Any CPU
		{C44675F8-7701-4559-9F40-04A4E7815E63}.Release|Any CPU.ActiveCfg = Release|Any CPU
		{C44675F8-7701-4559-9F40-04A4E7815E63}.Release|Any CPU.Build.0 = Release|Any CPU
	EndGlobalSection
	GlobalSection(SolutionProperties) = preSolution
		HideSolutionNode = FALSE
	EndGlobalSection
	GlobalSection(ExtensibilityGlobals) = postSolution
		SolutionGuid = {B565C973-FFBC-4DD4-98D7-978A217C2B14}
	EndGlobalSection
EndGlobal
